// !$*UTF8*$!
{
	archiveVersion = 1;
	classes = {
	};
	objectVersion = 46;
	objects = {

/* Begin PBXBuildFile section */
		040BE1191F85888000B672F8 /* SearchBarCollectionReusableView.swift in Sources */ = {isa = PBXBuildFile; fileRef = 040BE1181F85888000B672F8 /* SearchBarCollectionReusableView.swift */; };
		040BE11C1F85911800B672F8 /* States.swift in Sources */ = {isa = PBXBuildFile; fileRef = 040BE11B1F85911800B672F8 /* States.swift */; };
		040BE11E1F85918C00B672F8 /* StateCollectionViewCell.swift in Sources */ = {isa = PBXBuildFile; fileRef = 040BE11D1F85918C00B672F8 /* StateCollectionViewCell.swift */; };
		040BE1201F85C25800B672F8 /* State.swift in Sources */ = {isa = PBXBuildFile; fileRef = 040BE11F1F85C25800B672F8 /* State.swift */; };
		040BE1261F86DF6000B672F8 /* SenatorGetter.swift in Sources */ = {isa = PBXBuildFile; fileRef = 040BE1251F86DF6000B672F8 /* SenatorGetter.swift */; };
		040BE12A1F87096100B672F8 /* StateGetter.swift in Sources */ = {isa = PBXBuildFile; fileRef = 040BE1291F87096100B672F8 /* StateGetter.swift */; };
		042667A31F848D930063FFE3 /* senators.xml in Resources */ = {isa = PBXBuildFile; fileRef = 041EA40A1F84807200423C22 /* senators.xml */; };
		042667A51F848E0C0063FFE3 /* Senator.swift in Sources */ = {isa = PBXBuildFile; fileRef = 042667A41F848E0C0063FFE3 /* Senator.swift */; };
		042667A91F8494FF0063FFE3 /* ParserDelegate.swift in Sources */ = {isa = PBXBuildFile; fileRef = 042667A81F8494FF0063FFE3 /* ParserDelegate.swift */; };
		04BA61351F8762D30079BF9A /* Constants.swift in Sources */ = {isa = PBXBuildFile; fileRef = 04BA61341F8762D30079BF9A /* Constants.swift */; };
		04BA61381F87656E0079BF9A /* StateCollectionViewDelegateMethods.swift in Sources */ = {isa = PBXBuildFile; fileRef = 04BA61371F87656E0079BF9A /* StateCollectionViewDelegateMethods.swift */; };
		04BA613D1F876BB10079BF9A /* Home.storyboard in Resources */ = {isa = PBXBuildFile; fileRef = 04BA613C1F876BB10079BF9A /* Home.storyboard */; };
		04BA613F1F876BCF0079BF9A /* HomeViewController.swift in Sources */ = {isa = PBXBuildFile; fileRef = 04BA613E1F876BCF0079BF9A /* HomeViewController.swift */; };
		04BA61431F8845860079BF9A /* SettingsViewController.swift in Sources */ = {isa = PBXBuildFile; fileRef = 04BA61421F8845860079BF9A /* SettingsViewController.swift */; };
		04BA61451F8846AE0079BF9A /* LoginStoryboard.storyboard in Resources */ = {isa = PBXBuildFile; fileRef = 04BA61441F8846AE0079BF9A /* LoginStoryboard.storyboard */; };
		04BA61471F8846C30079BF9A /* LoginViewController.swift in Sources */ = {isa = PBXBuildFile; fileRef = 04BA61461F8846C30079BF9A /* LoginViewController.swift */; };
		04BA61491F884F3E0079BF9A /* StatePickerDelegate.swift in Sources */ = {isa = PBXBuildFile; fileRef = 04BA61481F884F3E0079BF9A /* StatePickerDelegate.swift */; };
		04BA614C1F8856F50079BF9A /* UserDefaultsManager.swift in Sources */ = {isa = PBXBuildFile; fileRef = 04BA614B1F8856F50079BF9A /* UserDefaultsManager.swift */; };
		04BA61501F88D07C0079BF9A /* FirebaseAuthManager.swift in Sources */ = {isa = PBXBuildFile; fileRef = 04BA614F1F88D07C0079BF9A /* FirebaseAuthManager.swift */; };
		04BA61561F88D8FE0079BF9A /* FBSDKShareKit.framework in Frameworks */ = {isa = PBXBuildFile; fileRef = 04BA61551F88D85B0079BF9A /* FBSDKShareKit.framework */; };
		04BA61571F88D9010079BF9A /* Bolts.framework in Frameworks */ = {isa = PBXBuildFile; fileRef = 04BA61541F88D8480079BF9A /* Bolts.framework */; };
		04BA61581F88D9030079BF9A /* FBSDKCoreKit.framework in Frameworks */ = {isa = PBXBuildFile; fileRef = 04BA61521F88D83F0079BF9A /* FBSDKCoreKit.framework */; };
		04BA61591F88D9060079BF9A /* FBSDKLoginKit.framework in Frameworks */ = {isa = PBXBuildFile; fileRef = 04BA61531F88D8410079BF9A /* FBSDKLoginKit.framework */; };
		04BA615A1F88DF6E0079BF9A /* GoogleService-Info.plist in Resources */ = {isa = PBXBuildFile; fileRef = 04BA614E1F88CE680079BF9A /* GoogleService-Info.plist */; };
		04BA619B1F8C80840079BF9A /* FBLoginButtonDelegate.swift in Sources */ = {isa = PBXBuildFile; fileRef = 04BA619A1F8C80840079BF9A /* FBLoginButtonDelegate.swift */; };
		04E8F1181F847F62002C299A /* AppDelegate.swift in Sources */ = {isa = PBXBuildFile; fileRef = 04E8F1171F847F62002C299A /* AppDelegate.swift */; };
		04E8F11A1F847F62002C299A /* StateCollectionViewController.swift in Sources */ = {isa = PBXBuildFile; fileRef = 04E8F1191F847F62002C299A /* StateCollectionViewController.swift */; };
		04E8F11F1F847F62002C299A /* Assets.xcassets in Resources */ = {isa = PBXBuildFile; fileRef = 04E8F11E1F847F62002C299A /* Assets.xcassets */; };
		04E8F1221F847F62002C299A /* LaunchScreen.storyboard in Resources */ = {isa = PBXBuildFile; fileRef = 04E8F1201F847F62002C299A /* LaunchScreen.storyboard */; };
		04E8F12D1F847F62002C299A /* PWRTests.swift in Sources */ = {isa = PBXBuildFile; fileRef = 04E8F12C1F847F62002C299A /* PWRTests.swift */; };
		04E8F1381F847F62002C299A /* PWRUITests.swift in Sources */ = {isa = PBXBuildFile; fileRef = 04E8F1371F847F62002C299A /* PWRUITests.swift */; };
		0549B0A71F8E09A8002ABF2F /* BillGetter.swift in Sources */ = {isa = PBXBuildFile; fileRef = 0549B0A61F8E09A8002ABF2F /* BillGetter.swift */; };
		0549B0A91F8E0A0F002ABF2F /* Bill.swift in Sources */ = {isa = PBXBuildFile; fileRef = 0549B0A81F8E0A0F002ABF2F /* Bill.swift */; };
		058AB93E1F89B6B9008DEC39 /* Endpoints.swift in Sources */ = {isa = PBXBuildFile; fileRef = 058AB93D1F89B6B9008DEC39 /* Endpoints.swift */; };
		058AB9401F89B72A008DEC39 /* APIManager.swift in Sources */ = {isa = PBXBuildFile; fileRef = 058AB93F1F89B72A008DEC39 /* APIManager.swift */; };
		144504089E94398A352F5699 /* Pods_PWRTests.framework in Frameworks */ = {isa = PBXBuildFile; fileRef = 871D0A1760DD9397618FD842 /* Pods_PWRTests.framework */; };
		CE4A0C8DA14D30885760FFEC /* Pods_PWRUITests.framework in Frameworks */ = {isa = PBXBuildFile; fileRef = 22820BB6157660E8D282345E /* Pods_PWRUITests.framework */; };
		CF7B686D23ECF12B1276DAAF /* Pods_PWR.framework in Frameworks */ = {isa = PBXBuildFile; fileRef = E4F170B39983E666656FB199 /* Pods_PWR.framework */; };
/* End PBXBuildFile section */

/* Begin PBXContainerItemProxy section */
		04E8F1291F847F62002C299A /* PBXContainerItemProxy */ = {
			isa = PBXContainerItemProxy;
			containerPortal = 04E8F10C1F847F61002C299A /* Project object */;
			proxyType = 1;
			remoteGlobalIDString = 04E8F1131F847F62002C299A;
			remoteInfo = PWR;
		};
		04E8F1341F847F62002C299A /* PBXContainerItemProxy */ = {
			isa = PBXContainerItemProxy;
			containerPortal = 04E8F10C1F847F61002C299A /* Project object */;
			proxyType = 1;
			remoteGlobalIDString = 04E8F1131F847F62002C299A;
			remoteInfo = PWR;
		};
/* End PBXContainerItemProxy section */

/* Begin PBXFileReference section */
		040BE1181F85888000B672F8 /* SearchBarCollectionReusableView.swift */ = {isa = PBXFileReference; lastKnownFileType = sourcecode.swift; path = SearchBarCollectionReusableView.swift; sourceTree = "<group>"; };
		040BE11B1F85911800B672F8 /* States.swift */ = {isa = PBXFileReference; lastKnownFileType = sourcecode.swift; path = States.swift; sourceTree = "<group>"; };
		040BE11D1F85918C00B672F8 /* StateCollectionViewCell.swift */ = {isa = PBXFileReference; lastKnownFileType = sourcecode.swift; path = StateCollectionViewCell.swift; sourceTree = "<group>"; };
		040BE11F1F85C25800B672F8 /* State.swift */ = {isa = PBXFileReference; lastKnownFileType = sourcecode.swift; path = State.swift; sourceTree = "<group>"; };
		040BE1251F86DF6000B672F8 /* SenatorGetter.swift */ = {isa = PBXFileReference; lastKnownFileType = sourcecode.swift; path = SenatorGetter.swift; sourceTree = "<group>"; };
		040BE1291F87096100B672F8 /* StateGetter.swift */ = {isa = PBXFileReference; lastKnownFileType = sourcecode.swift; path = StateGetter.swift; sourceTree = "<group>"; };
		041EA40A1F84807200423C22 /* senators.xml */ = {isa = PBXFileReference; lastKnownFileType = text.xml; path = senators.xml; sourceTree = "<group>"; };
		042667A41F848E0C0063FFE3 /* Senator.swift */ = {isa = PBXFileReference; lastKnownFileType = sourcecode.swift; path = Senator.swift; sourceTree = "<group>"; };
		042667A81F8494FF0063FFE3 /* ParserDelegate.swift */ = {isa = PBXFileReference; lastKnownFileType = sourcecode.swift; path = ParserDelegate.swift; sourceTree = "<group>"; };
		04BA61341F8762D30079BF9A /* Constants.swift */ = {isa = PBXFileReference; lastKnownFileType = sourcecode.swift; path = Constants.swift; sourceTree = "<group>"; };
		04BA61371F87656E0079BF9A /* StateCollectionViewDelegateMethods.swift */ = {isa = PBXFileReference; lastKnownFileType = sourcecode.swift; path = StateCollectionViewDelegateMethods.swift; sourceTree = "<group>"; };
		04BA613C1F876BB10079BF9A /* Home.storyboard */ = {isa = PBXFileReference; lastKnownFileType = file.storyboard; path = Home.storyboard; sourceTree = "<group>"; };
		04BA613E1F876BCF0079BF9A /* HomeViewController.swift */ = {isa = PBXFileReference; lastKnownFileType = sourcecode.swift; path = HomeViewController.swift; sourceTree = "<group>"; };
		04BA61421F8845860079BF9A /* SettingsViewController.swift */ = {isa = PBXFileReference; lastKnownFileType = sourcecode.swift; path = SettingsViewController.swift; sourceTree = "<group>"; };
		04BA61441F8846AE0079BF9A /* LoginStoryboard.storyboard */ = {isa = PBXFileReference; lastKnownFileType = file.storyboard; path = LoginStoryboard.storyboard; sourceTree = "<group>"; };
		04BA61461F8846C30079BF9A /* LoginViewController.swift */ = {isa = PBXFileReference; lastKnownFileType = sourcecode.swift; path = LoginViewController.swift; sourceTree = "<group>"; };
		04BA61481F884F3E0079BF9A /* StatePickerDelegate.swift */ = {isa = PBXFileReference; lastKnownFileType = sourcecode.swift; path = StatePickerDelegate.swift; sourceTree = "<group>"; };
		04BA614B1F8856F50079BF9A /* UserDefaultsManager.swift */ = {isa = PBXFileReference; lastKnownFileType = sourcecode.swift; path = UserDefaultsManager.swift; sourceTree = "<group>"; };
		04BA614E1F88CE680079BF9A /* GoogleService-Info.plist */ = {isa = PBXFileReference; lastKnownFileType = text.plist.xml; path = "GoogleService-Info.plist"; sourceTree = "<group>"; };
		04BA614F1F88D07C0079BF9A /* FirebaseAuthManager.swift */ = {isa = PBXFileReference; lastKnownFileType = sourcecode.swift; path = FirebaseAuthManager.swift; sourceTree = "<group>"; };
		04BA61521F88D83F0079BF9A /* FBSDKCoreKit.framework */ = {isa = PBXFileReference; lastKnownFileType = wrapper.framework; path = FBSDKCoreKit.framework; sourceTree = "<group>"; };
		04BA61531F88D8410079BF9A /* FBSDKLoginKit.framework */ = {isa = PBXFileReference; lastKnownFileType = wrapper.framework; path = FBSDKLoginKit.framework; sourceTree = "<group>"; };
		04BA61541F88D8480079BF9A /* Bolts.framework */ = {isa = PBXFileReference; lastKnownFileType = wrapper.framework; path = Bolts.framework; sourceTree = "<group>"; };
		04BA61551F88D85B0079BF9A /* FBSDKShareKit.framework */ = {isa = PBXFileReference; lastKnownFileType = wrapper.framework; path = FBSDKShareKit.framework; sourceTree = "<group>"; };
		04BA615B1F88E0C40079BF9A /* PWR.entitlements */ = {isa = PBXFileReference; lastKnownFileType = text.plist.entitlements; path = PWR.entitlements; sourceTree = "<group>"; };
		04BA619A1F8C80840079BF9A /* FBLoginButtonDelegate.swift */ = {isa = PBXFileReference; lastKnownFileType = sourcecode.swift; path = FBLoginButtonDelegate.swift; sourceTree = "<group>"; };
		04E8F1141F847F62002C299A /* PWR.app */ = {isa = PBXFileReference; explicitFileType = wrapper.application; includeInIndex = 0; path = PWR.app; sourceTree = BUILT_PRODUCTS_DIR; };
		04E8F1171F847F62002C299A /* AppDelegate.swift */ = {isa = PBXFileReference; lastKnownFileType = sourcecode.swift; path = AppDelegate.swift; sourceTree = "<group>"; };
		04E8F1191F847F62002C299A /* StateCollectionViewController.swift */ = {isa = PBXFileReference; lastKnownFileType = sourcecode.swift; path = StateCollectionViewController.swift; sourceTree = "<group>"; };
		04E8F11E1F847F62002C299A /* Assets.xcassets */ = {isa = PBXFileReference; lastKnownFileType = folder.assetcatalog; path = Assets.xcassets; sourceTree = "<group>"; };
		04E8F1211F847F62002C299A /* Base */ = {isa = PBXFileReference; lastKnownFileType = file.storyboard; name = Base; path = Base.lproj/LaunchScreen.storyboard; sourceTree = "<group>"; };
		04E8F1231F847F62002C299A /* Info.plist */ = {isa = PBXFileReference; lastKnownFileType = text.plist.xml; path = Info.plist; sourceTree = "<group>"; };
		04E8F1281F847F62002C299A /* PWRTests.xctest */ = {isa = PBXFileReference; explicitFileType = wrapper.cfbundle; includeInIndex = 0; path = PWRTests.xctest; sourceTree = BUILT_PRODUCTS_DIR; };
		04E8F12C1F847F62002C299A /* PWRTests.swift */ = {isa = PBXFileReference; lastKnownFileType = sourcecode.swift; path = PWRTests.swift; sourceTree = "<group>"; };
		04E8F12E1F847F62002C299A /* Info.plist */ = {isa = PBXFileReference; lastKnownFileType = text.plist.xml; path = Info.plist; sourceTree = "<group>"; };
		04E8F1331F847F62002C299A /* PWRUITests.xctest */ = {isa = PBXFileReference; explicitFileType = wrapper.cfbundle; includeInIndex = 0; path = PWRUITests.xctest; sourceTree = BUILT_PRODUCTS_DIR; };
		04E8F1371F847F62002C299A /* PWRUITests.swift */ = {isa = PBXFileReference; lastKnownFileType = sourcecode.swift; path = PWRUITests.swift; sourceTree = "<group>"; };
		04E8F1391F847F62002C299A /* Info.plist */ = {isa = PBXFileReference; lastKnownFileType = text.plist.xml; path = Info.plist; sourceTree = "<group>"; };
		0549B0A61F8E09A8002ABF2F /* BillGetter.swift */ = {isa = PBXFileReference; lastKnownFileType = sourcecode.swift; path = BillGetter.swift; sourceTree = "<group>"; };
		0549B0A81F8E0A0F002ABF2F /* Bill.swift */ = {isa = PBXFileReference; lastKnownFileType = sourcecode.swift; path = Bill.swift; sourceTree = "<group>"; };
		058AB93D1F89B6B9008DEC39 /* Endpoints.swift */ = {isa = PBXFileReference; lastKnownFileType = sourcecode.swift; path = Endpoints.swift; sourceTree = "<group>"; };
		058AB93F1F89B72A008DEC39 /* APIManager.swift */ = {isa = PBXFileReference; lastKnownFileType = sourcecode.swift; path = APIManager.swift; sourceTree = "<group>"; };
		22820BB6157660E8D282345E /* Pods_PWRUITests.framework */ = {isa = PBXFileReference; explicitFileType = wrapper.framework; includeInIndex = 0; path = Pods_PWRUITests.framework; sourceTree = BUILT_PRODUCTS_DIR; };
		4E29ABDC82DF9672B393AB83 /* Pods-PWRUITests.debug.xcconfig */ = {isa = PBXFileReference; includeInIndex = 1; lastKnownFileType = text.xcconfig; name = "Pods-PWRUITests.debug.xcconfig"; path = "Pods/Target Support Files/Pods-PWRUITests/Pods-PWRUITests.debug.xcconfig"; sourceTree = "<group>"; };
		7DE5244FF09AA08D77554EF4 /* Pods-PWR.debug.xcconfig */ = {isa = PBXFileReference; includeInIndex = 1; lastKnownFileType = text.xcconfig; name = "Pods-PWR.debug.xcconfig"; path = "Pods/Target Support Files/Pods-PWR/Pods-PWR.debug.xcconfig"; sourceTree = "<group>"; };
		80464C7CD118047D9C742EAF /* Pods-PWRUITests.release.xcconfig */ = {isa = PBXFileReference; includeInIndex = 1; lastKnownFileType = text.xcconfig; name = "Pods-PWRUITests.release.xcconfig"; path = "Pods/Target Support Files/Pods-PWRUITests/Pods-PWRUITests.release.xcconfig"; sourceTree = "<group>"; };
		871D0A1760DD9397618FD842 /* Pods_PWRTests.framework */ = {isa = PBXFileReference; explicitFileType = wrapper.framework; includeInIndex = 0; path = Pods_PWRTests.framework; sourceTree = BUILT_PRODUCTS_DIR; };
		87D26D9790153D5030AB05E2 /* Pods-PWR.release.xcconfig */ = {isa = PBXFileReference; includeInIndex = 1; lastKnownFileType = text.xcconfig; name = "Pods-PWR.release.xcconfig"; path = "Pods/Target Support Files/Pods-PWR/Pods-PWR.release.xcconfig"; sourceTree = "<group>"; };
		DE8743E703AE6F4BBCC7B3D5 /* Pods-PWRTests.debug.xcconfig */ = {isa = PBXFileReference; includeInIndex = 1; lastKnownFileType = text.xcconfig; name = "Pods-PWRTests.debug.xcconfig"; path = "Pods/Target Support Files/Pods-PWRTests/Pods-PWRTests.debug.xcconfig"; sourceTree = "<group>"; };
		E4F170B39983E666656FB199 /* Pods_PWR.framework */ = {isa = PBXFileReference; explicitFileType = wrapper.framework; includeInIndex = 0; path = Pods_PWR.framework; sourceTree = BUILT_PRODUCTS_DIR; };
		EB7CAF7ECEBE2DC55428DD91 /* Pods-PWRTests.release.xcconfig */ = {isa = PBXFileReference; includeInIndex = 1; lastKnownFileType = text.xcconfig; name = "Pods-PWRTests.release.xcconfig"; path = "Pods/Target Support Files/Pods-PWRTests/Pods-PWRTests.release.xcconfig"; sourceTree = "<group>"; };
/* End PBXFileReference section */

/* Begin PBXFrameworksBuildPhase section */
		04E8F1111F847F62002C299A /* Frameworks */ = {
			isa = PBXFrameworksBuildPhase;
			buildActionMask = 2147483647;
			files = (
				04BA61571F88D9010079BF9A /* Bolts.framework in Frameworks */,
				04BA61581F88D9030079BF9A /* FBSDKCoreKit.framework in Frameworks */,
				04BA61591F88D9060079BF9A /* FBSDKLoginKit.framework in Frameworks */,
				04BA61561F88D8FE0079BF9A /* FBSDKShareKit.framework in Frameworks */,
				CF7B686D23ECF12B1276DAAF /* Pods_PWR.framework in Frameworks */,
			);
			runOnlyForDeploymentPostprocessing = 0;
		};
		04E8F1251F847F62002C299A /* Frameworks */ = {
			isa = PBXFrameworksBuildPhase;
			buildActionMask = 2147483647;
			files = (
				144504089E94398A352F5699 /* Pods_PWRTests.framework in Frameworks */,
			);
			runOnlyForDeploymentPostprocessing = 0;
		};
		04E8F1301F847F62002C299A /* Frameworks */ = {
			isa = PBXFrameworksBuildPhase;
			buildActionMask = 2147483647;
			files = (
				CE4A0C8DA14D30885760FFEC /* Pods_PWRUITests.framework in Frameworks */,
			);
			runOnlyForDeploymentPostprocessing = 0;
		};
/* End PBXFrameworksBuildPhase section */

/* Begin PBXGroup section */
		040BE11A1F85891200B672F8 /* Views */ = {
			isa = PBXGroup;
			children = (
				040BE1181F85888000B672F8 /* SearchBarCollectionReusableView.swift */,
				04BA613B1F876B820079BF9A /* Storyboards */,
			);
			path = Views;
			sourceTree = "<group>";
		};
		040BE1271F86DFCB00B672F8 /* Delegates */ = {
			isa = PBXGroup;
			children = (
				04BA619A1F8C80840079BF9A /* FBLoginButtonDelegate.swift */,
				042667A81F8494FF0063FFE3 /* ParserDelegate.swift */,
			);
			path = Delegates;
			sourceTree = "<group>";
		};
		040BE1281F86DFD200B672F8 /* Getters */ = {
			isa = PBXGroup;
			children = (
				040BE1291F87096100B672F8 /* StateGetter.swift */,
				040BE1251F86DF6000B672F8 /* SenatorGetter.swift */,
				0549B0A61F8E09A8002ABF2F /* BillGetter.swift */,
			);
			path = Getters;
			sourceTree = "<group>";
		};
		041EA40B1F84808800423C22 /* dataSource */ = {
			isa = PBXGroup;
			children = (
				041EA40A1F84807200423C22 /* senators.xml */,
				040BE11B1F85911800B672F8 /* States.swift */,
			);
			path = dataSource;
			sourceTree = "<group>";
		};
		042667AA1F84AB230063FFE3 /* Models */ = {
			isa = PBXGroup;
			children = (
				040BE11F1F85C25800B672F8 /* State.swift */,
				042667A41F848E0C0063FFE3 /* Senator.swift */,
				0549B0A81F8E0A0F002ABF2F /* Bill.swift */,
			);
			path = Models;
			sourceTree = "<group>";
		};
		042667AB1F84AB4B0063FFE3 /* Controllers */ = {
			isa = PBXGroup;
			children = (
				04BA61461F8846C30079BF9A /* LoginViewController.swift */,
				04BA61421F8845860079BF9A /* SettingsViewController.swift */,
				04BA613E1F876BCF0079BF9A /* HomeViewController.swift */,
				04BA61361F8764E00079BF9A /* StateCollectionViewController */,
			);
			path = Controllers;
			sourceTree = "<group>";
		};
		042667AC1F84ABB10063FFE3 /* Supporting Files */ = {
			isa = PBXGroup;
			children = (
				04BA614E1F88CE680079BF9A /* GoogleService-Info.plist */,
				04BA61341F8762D30079BF9A /* Constants.swift */,
				04E8F1171F847F62002C299A /* AppDelegate.swift */,
				04E8F11E1F847F62002C299A /* Assets.xcassets */,
				04E8F1201F847F62002C299A /* LaunchScreen.storyboard */,
				04E8F1231F847F62002C299A /* Info.plist */,
			);
			path = "Supporting Files";
			sourceTree = "<group>";
		};
		04BA61361F8764E00079BF9A /* StateCollectionViewController */ = {
			isa = PBXGroup;
			children = (
				04E8F1191F847F62002C299A /* StateCollectionViewController.swift */,
				04BA61371F87656E0079BF9A /* StateCollectionViewDelegateMethods.swift */,
				040BE11D1F85918C00B672F8 /* StateCollectionViewCell.swift */,
			);
			path = StateCollectionViewController;
			sourceTree = "<group>";
		};
		04BA613B1F876B820079BF9A /* Storyboards */ = {
			isa = PBXGroup;
			children = (
				04BA613C1F876BB10079BF9A /* Home.storyboard */,
				04BA61441F8846AE0079BF9A /* LoginStoryboard.storyboard */,
			);
			path = Storyboards;
			sourceTree = "<group>";
		};
		04BA614A1F884F4C0079BF9A /* Protocols */ = {
			isa = PBXGroup;
			children = (
				04BA61481F884F3E0079BF9A /* StatePickerDelegate.swift */,
			);
			path = Protocols;
			sourceTree = "<group>";
		};
		04BA61511F88D08B0079BF9A /* Managers */ = {
			isa = PBXGroup;
			children = (
				04BA614B1F8856F50079BF9A /* UserDefaultsManager.swift */,
				04BA614F1F88D07C0079BF9A /* FirebaseAuthManager.swift */,
				058AB93D1F89B6B9008DEC39 /* Endpoints.swift */,
				058AB93F1F89B72A008DEC39 /* APIManager.swift */,
			);
			path = Managers;
			sourceTree = "<group>";
		};
		04E8F10B1F847F61002C299A = {
			isa = PBXGroup;
			children = (
				04E8F1161F847F62002C299A /* PWR */,
				04E8F12B1F847F62002C299A /* PWRTests */,
				04E8F1361F847F62002C299A /* PWRUITests */,
				04E8F1151F847F62002C299A /* Products */,
				848A13F6081638AA195C6215 /* Pods */,
				FF0DB9AE8680E07682720BCE /* Frameworks */,
			);
			sourceTree = "<group>";
		};
		04E8F1151F847F62002C299A /* Products */ = {
			isa = PBXGroup;
			children = (
				04E8F1141F847F62002C299A /* PWR.app */,
				04E8F1281F847F62002C299A /* PWRTests.xctest */,
				04E8F1331F847F62002C299A /* PWRUITests.xctest */,
			);
			name = Products;
			sourceTree = "<group>";
		};
		04E8F1161F847F62002C299A /* PWR */ = {
			isa = PBXGroup;
			children = (
				04BA615B1F88E0C40079BF9A /* PWR.entitlements */,
				04BA61511F88D08B0079BF9A /* Managers */,
				04BA614A1F884F4C0079BF9A /* Protocols */,
				040BE1271F86DFCB00B672F8 /* Delegates */,
				040BE1281F86DFD200B672F8 /* Getters */,
				040BE11A1F85891200B672F8 /* Views */,
				041EA40B1F84808800423C22 /* dataSource */,
				042667AB1F84AB4B0063FFE3 /* Controllers */,
				042667AA1F84AB230063FFE3 /* Models */,
				042667AC1F84ABB10063FFE3 /* Supporting Files */,
			);
			path = PWR;
			sourceTree = "<group>";
		};
		04E8F12B1F847F62002C299A /* PWRTests */ = {
			isa = PBXGroup;
			children = (
				04E8F12C1F847F62002C299A /* PWRTests.swift */,
				04E8F12E1F847F62002C299A /* Info.plist */,
			);
			path = PWRTests;
			sourceTree = "<group>";
		};
		04E8F1361F847F62002C299A /* PWRUITests */ = {
			isa = PBXGroup;
			children = (
				04E8F1371F847F62002C299A /* PWRUITests.swift */,
				04E8F1391F847F62002C299A /* Info.plist */,
			);
			path = PWRUITests;
			sourceTree = "<group>";
		};
		848A13F6081638AA195C6215 /* Pods */ = {
			isa = PBXGroup;
			children = (
				7DE5244FF09AA08D77554EF4 /* Pods-PWR.debug.xcconfig */,
				87D26D9790153D5030AB05E2 /* Pods-PWR.release.xcconfig */,
				DE8743E703AE6F4BBCC7B3D5 /* Pods-PWRTests.debug.xcconfig */,
				EB7CAF7ECEBE2DC55428DD91 /* Pods-PWRTests.release.xcconfig */,
				4E29ABDC82DF9672B393AB83 /* Pods-PWRUITests.debug.xcconfig */,
				80464C7CD118047D9C742EAF /* Pods-PWRUITests.release.xcconfig */,
			);
			name = Pods;
			sourceTree = "<group>";
		};
		FF0DB9AE8680E07682720BCE /* Frameworks */ = {
			isa = PBXGroup;
			children = (
				04BA61551F88D85B0079BF9A /* FBSDKShareKit.framework */,
				04BA61541F88D8480079BF9A /* Bolts.framework */,
				04BA61521F88D83F0079BF9A /* FBSDKCoreKit.framework */,
				04BA61531F88D8410079BF9A /* FBSDKLoginKit.framework */,
				E4F170B39983E666656FB199 /* Pods_PWR.framework */,
				871D0A1760DD9397618FD842 /* Pods_PWRTests.framework */,
				22820BB6157660E8D282345E /* Pods_PWRUITests.framework */,
			);
			name = Frameworks;
			sourceTree = "<group>";
		};
/* End PBXGroup section */

/* Begin PBXNativeTarget section */
		04E8F1131F847F62002C299A /* PWR */ = {
			isa = PBXNativeTarget;
			buildConfigurationList = 04E8F13C1F847F62002C299A /* Build configuration list for PBXNativeTarget "PWR" */;
			buildPhases = (
				F8DADAA0AD8BA3A71BC6A6AA /* [CP] Check Pods Manifest.lock */,
				04E8F1101F847F62002C299A /* Sources */,
				04E8F1111F847F62002C299A /* Frameworks */,
				04E8F1121F847F62002C299A /* Resources */,
				2BC46AFC9E1B7BFF8BF9B9EB /* [CP] Embed Pods Frameworks */,
				E824C3616C2B1BF2FDDAA80E /* [CP] Copy Pods Resources */,
			);
			buildRules = (
			);
			dependencies = (
			);
			name = PWR;
			productName = PWR;
			productReference = 04E8F1141F847F62002C299A /* PWR.app */;
			productType = "com.apple.product-type.application";
		};
		04E8F1271F847F62002C299A /* PWRTests */ = {
			isa = PBXNativeTarget;
			buildConfigurationList = 04E8F13F1F847F62002C299A /* Build configuration list for PBXNativeTarget "PWRTests" */;
			buildPhases = (
				FCDD05328026204CF0C95528 /* [CP] Check Pods Manifest.lock */,
				04E8F1241F847F62002C299A /* Sources */,
				04E8F1251F847F62002C299A /* Frameworks */,
				04E8F1261F847F62002C299A /* Resources */,
				FF656C9ABC51447EF66FE4A3 /* [CP] Embed Pods Frameworks */,
				7F781ADC264132172D87D2B3 /* [CP] Copy Pods Resources */,
			);
			buildRules = (
			);
			dependencies = (
				04E8F12A1F847F62002C299A /* PBXTargetDependency */,
			);
			name = PWRTests;
			productName = PWRTests;
			productReference = 04E8F1281F847F62002C299A /* PWRTests.xctest */;
			productType = "com.apple.product-type.bundle.unit-test";
		};
		04E8F1321F847F62002C299A /* PWRUITests */ = {
			isa = PBXNativeTarget;
			buildConfigurationList = 04E8F1421F847F62002C299A /* Build configuration list for PBXNativeTarget "PWRUITests" */;
			buildPhases = (
				DB2BC1999156D0AE603863E8 /* [CP] Check Pods Manifest.lock */,
				04E8F12F1F847F62002C299A /* Sources */,
				04E8F1301F847F62002C299A /* Frameworks */,
				04E8F1311F847F62002C299A /* Resources */,
				14C5DE181B3647C5FC72FB7C /* [CP] Embed Pods Frameworks */,
				9755A8C278579A67C3183DB6 /* [CP] Copy Pods Resources */,
			);
			buildRules = (
			);
			dependencies = (
				04E8F1351F847F62002C299A /* PBXTargetDependency */,
			);
			name = PWRUITests;
			productName = PWRUITests;
			productReference = 04E8F1331F847F62002C299A /* PWRUITests.xctest */;
			productType = "com.apple.product-type.bundle.ui-testing";
		};
/* End PBXNativeTarget section */

/* Begin PBXProject section */
		04E8F10C1F847F61002C299A /* Project object */ = {
			isa = PBXProject;
			attributes = {
				LastSwiftUpdateCheck = 0830;
				LastUpgradeCheck = 0830;
				ORGANIZATIONNAME = "Amber Spadafora";
				TargetAttributes = {
					04E8F1131F847F62002C299A = {
						CreatedOnToolsVersion = 8.3.3;
						DevelopmentTeam = V38M9976HU;
						ProvisioningStyle = Automatic;
						SystemCapabilities = {
							com.apple.Keychain = {
								enabled = 1;
							};
						};
					};
					04E8F1271F847F62002C299A = {
						CreatedOnToolsVersion = 8.3.3;
						DevelopmentTeam = V38M9976HU;
						ProvisioningStyle = Automatic;
						TestTargetID = 04E8F1131F847F62002C299A;
					};
					04E8F1321F847F62002C299A = {
						CreatedOnToolsVersion = 8.3.3;
						DevelopmentTeam = V38M9976HU;
						ProvisioningStyle = Automatic;
						TestTargetID = 04E8F1131F847F62002C299A;
					};
				};
			};
			buildConfigurationList = 04E8F10F1F847F61002C299A /* Build configuration list for PBXProject "PWR" */;
			compatibilityVersion = "Xcode 3.2";
			developmentRegion = English;
			hasScannedForEncodings = 0;
			knownRegions = (
				en,
				Base,
			);
			mainGroup = 04E8F10B1F847F61002C299A;
			productRefGroup = 04E8F1151F847F62002C299A /* Products */;
			projectDirPath = "";
			projectRoot = "";
			targets = (
				04E8F1131F847F62002C299A /* PWR */,
				04E8F1271F847F62002C299A /* PWRTests */,
				04E8F1321F847F62002C299A /* PWRUITests */,
			);
		};
/* End PBXProject section */

/* Begin PBXResourcesBuildPhase section */
		04E8F1121F847F62002C299A /* Resources */ = {
			isa = PBXResourcesBuildPhase;
			buildActionMask = 2147483647;
			files = (
				04BA613D1F876BB10079BF9A /* Home.storyboard in Resources */,
				04BA61451F8846AE0079BF9A /* LoginStoryboard.storyboard in Resources */,
				042667A31F848D930063FFE3 /* senators.xml in Resources */,
				04E8F1221F847F62002C299A /* LaunchScreen.storyboard in Resources */,
				04E8F11F1F847F62002C299A /* Assets.xcassets in Resources */,
				04BA615A1F88DF6E0079BF9A /* GoogleService-Info.plist in Resources */,
			);
			runOnlyForDeploymentPostprocessing = 0;
		};
		04E8F1261F847F62002C299A /* Resources */ = {
			isa = PBXResourcesBuildPhase;
			buildActionMask = 2147483647;
			files = (
			);
			runOnlyForDeploymentPostprocessing = 0;
		};
		04E8F1311F847F62002C299A /* Resources */ = {
			isa = PBXResourcesBuildPhase;
			buildActionMask = 2147483647;
			files = (
			);
			runOnlyForDeploymentPostprocessing = 0;
		};
/* End PBXResourcesBuildPhase section */

/* Begin PBXShellScriptBuildPhase section */
		14C5DE181B3647C5FC72FB7C /* [CP] Embed Pods Frameworks */ = {
			isa = PBXShellScriptBuildPhase;
			buildActionMask = 2147483647;
			files = (
			);
			inputPaths = (
			);
			name = "[CP] Embed Pods Frameworks";
			outputPaths = (
			);
			runOnlyForDeploymentPostprocessing = 0;
			shellPath = /bin/sh;
			shellScript = "\"${SRCROOT}/Pods/Target Support Files/Pods-PWRUITests/Pods-PWRUITests-frameworks.sh\"\n";
			showEnvVarsInLog = 0;
		};
		2BC46AFC9E1B7BFF8BF9B9EB /* [CP] Embed Pods Frameworks */ = {
			isa = PBXShellScriptBuildPhase;
			buildActionMask = 2147483647;
			files = (
			);
			inputPaths = (
			);
			name = "[CP] Embed Pods Frameworks";
			outputPaths = (
			);
			runOnlyForDeploymentPostprocessing = 0;
			shellPath = /bin/sh;
			shellScript = "\"${SRCROOT}/Pods/Target Support Files/Pods-PWR/Pods-PWR-frameworks.sh\"\n";
			showEnvVarsInLog = 0;
		};
		7F781ADC264132172D87D2B3 /* [CP] Copy Pods Resources */ = {
			isa = PBXShellScriptBuildPhase;
			buildActionMask = 2147483647;
			files = (
			);
			inputPaths = (
			);
			name = "[CP] Copy Pods Resources";
			outputPaths = (
			);
			runOnlyForDeploymentPostprocessing = 0;
			shellPath = /bin/sh;
			shellScript = "\"${SRCROOT}/Pods/Target Support Files/Pods-PWRTests/Pods-PWRTests-resources.sh\"\n";
			showEnvVarsInLog = 0;
		};
		9755A8C278579A67C3183DB6 /* [CP] Copy Pods Resources */ = {
			isa = PBXShellScriptBuildPhase;
			buildActionMask = 2147483647;
			files = (
			);
			inputPaths = (
			);
			name = "[CP] Copy Pods Resources";
			outputPaths = (
			);
			runOnlyForDeploymentPostprocessing = 0;
			shellPath = /bin/sh;
			shellScript = "\"${SRCROOT}/Pods/Target Support Files/Pods-PWRUITests/Pods-PWRUITests-resources.sh\"\n";
			showEnvVarsInLog = 0;
		};
		DB2BC1999156D0AE603863E8 /* [CP] Check Pods Manifest.lock */ = {
			isa = PBXShellScriptBuildPhase;
			buildActionMask = 2147483647;
			files = (
			);
			inputPaths = (
			);
			name = "[CP] Check Pods Manifest.lock";
			outputPaths = (
			);
			runOnlyForDeploymentPostprocessing = 0;
			shellPath = /bin/sh;
			shellScript = "diff \"${PODS_PODFILE_DIR_PATH}/Podfile.lock\" \"${PODS_ROOT}/Manifest.lock\" > /dev/null\nif [ $? != 0 ] ; then\n    # print error to STDERR\n    echo \"error: The sandbox is not in sync with the Podfile.lock. Run 'pod install' or update your CocoaPods installation.\" >&2\n    exit 1\nfi\n";
			showEnvVarsInLog = 0;
		};
		E824C3616C2B1BF2FDDAA80E /* [CP] Copy Pods Resources */ = {
			isa = PBXShellScriptBuildPhase;
			buildActionMask = 2147483647;
			files = (
			);
			inputPaths = (
			);
			name = "[CP] Copy Pods Resources";
			outputPaths = (
			);
			runOnlyForDeploymentPostprocessing = 0;
			shellPath = /bin/sh;
			shellScript = "\"${SRCROOT}/Pods/Target Support Files/Pods-PWR/Pods-PWR-resources.sh\"\n";
			showEnvVarsInLog = 0;
		};
		F8DADAA0AD8BA3A71BC6A6AA /* [CP] Check Pods Manifest.lock */ = {
			isa = PBXShellScriptBuildPhase;
			buildActionMask = 2147483647;
			files = (
			);
			inputPaths = (
			);
			name = "[CP] Check Pods Manifest.lock";
			outputPaths = (
			);
			runOnlyForDeploymentPostprocessing = 0;
			shellPath = /bin/sh;
			shellScript = "diff \"${PODS_PODFILE_DIR_PATH}/Podfile.lock\" \"${PODS_ROOT}/Manifest.lock\" > /dev/null\nif [ $? != 0 ] ; then\n    # print error to STDERR\n    echo \"error: The sandbox is not in sync with the Podfile.lock. Run 'pod install' or update your CocoaPods installation.\" >&2\n    exit 1\nfi\n";
			showEnvVarsInLog = 0;
		};
		FCDD05328026204CF0C95528 /* [CP] Check Pods Manifest.lock */ = {
			isa = PBXShellScriptBuildPhase;
			buildActionMask = 2147483647;
			files = (
			);
			inputPaths = (
			);
			name = "[CP] Check Pods Manifest.lock";
			outputPaths = (
			);
			runOnlyForDeploymentPostprocessing = 0;
			shellPath = /bin/sh;
			shellScript = "diff \"${PODS_PODFILE_DIR_PATH}/Podfile.lock\" \"${PODS_ROOT}/Manifest.lock\" > /dev/null\nif [ $? != 0 ] ; then\n    # print error to STDERR\n    echo \"error: The sandbox is not in sync with the Podfile.lock. Run 'pod install' or update your CocoaPods installation.\" >&2\n    exit 1\nfi\n";
			showEnvVarsInLog = 0;
		};
		FF656C9ABC51447EF66FE4A3 /* [CP] Embed Pods Frameworks */ = {
			isa = PBXShellScriptBuildPhase;
			buildActionMask = 2147483647;
			files = (
			);
			inputPaths = (
			);
			name = "[CP] Embed Pods Frameworks";
			outputPaths = (
			);
			runOnlyForDeploymentPostprocessing = 0;
			shellPath = /bin/sh;
			shellScript = "\"${SRCROOT}/Pods/Target Support Files/Pods-PWRTests/Pods-PWRTests-frameworks.sh\"\n";
			showEnvVarsInLog = 0;
		};
/* End PBXShellScriptBuildPhase section */

/* Begin PBXSourcesBuildPhase section */
		04E8F1101F847F62002C299A /* Sources */ = {
			isa = PBXSourcesBuildPhase;
			buildActionMask = 2147483647;
			files = (
				040BE11E1F85918C00B672F8 /* StateCollectionViewCell.swift in Sources */,
				0549B0A71F8E09A8002ABF2F /* BillGetter.swift in Sources */,
				042667A51F848E0C0063FFE3 /* Senator.swift in Sources */,
				04BA614C1F8856F50079BF9A /* UserDefaultsManager.swift in Sources */,
				04E8F11A1F847F62002C299A /* StateCollectionViewController.swift in Sources */,
				04BA61471F8846C30079BF9A /* LoginViewController.swift in Sources */,
				04BA61381F87656E0079BF9A /* StateCollectionViewDelegateMethods.swift in Sources */,
				040BE12A1F87096100B672F8 /* StateGetter.swift in Sources */,
				040BE11C1F85911800B672F8 /* States.swift in Sources */,
				04BA61351F8762D30079BF9A /* Constants.swift in Sources */,
				04E8F1181F847F62002C299A /* AppDelegate.swift in Sources */,
				040BE1201F85C25800B672F8 /* State.swift in Sources */,
				04BA61431F8845860079BF9A /* SettingsViewController.swift in Sources */,
				058AB9401F89B72A008DEC39 /* APIManager.swift in Sources */,
				04BA61501F88D07C0079BF9A /* FirebaseAuthManager.swift in Sources */,
				04BA613F1F876BCF0079BF9A /* HomeViewController.swift in Sources */,
				058AB93E1F89B6B9008DEC39 /* Endpoints.swift in Sources */,
				040BE1261F86DF6000B672F8 /* SenatorGetter.swift in Sources */,
				0549B0A91F8E0A0F002ABF2F /* Bill.swift in Sources */,
				042667A91F8494FF0063FFE3 /* ParserDelegate.swift in Sources */,
				04BA61491F884F3E0079BF9A /* StatePickerDelegate.swift in Sources */,
				04BA619B1F8C80840079BF9A /* FBLoginButtonDelegate.swift in Sources */,
				040BE1191F85888000B672F8 /* SearchBarCollectionReusableView.swift in Sources */,
			);
			runOnlyForDeploymentPostprocessing = 0;
		};
		04E8F1241F847F62002C299A /* Sources */ = {
			isa = PBXSourcesBuildPhase;
			buildActionMask = 2147483647;
			files = (
				04E8F12D1F847F62002C299A /* PWRTests.swift in Sources */,
			);
			runOnlyForDeploymentPostprocessing = 0;
		};
		04E8F12F1F847F62002C299A /* Sources */ = {
			isa = PBXSourcesBuildPhase;
			buildActionMask = 2147483647;
			files = (
				04E8F1381F847F62002C299A /* PWRUITests.swift in Sources */,
			);
			runOnlyForDeploymentPostprocessing = 0;
		};
/* End PBXSourcesBuildPhase section */

/* Begin PBXTargetDependency section */
		04E8F12A1F847F62002C299A /* PBXTargetDependency */ = {
			isa = PBXTargetDependency;
			target = 04E8F1131F847F62002C299A /* PWR */;
			targetProxy = 04E8F1291F847F62002C299A /* PBXContainerItemProxy */;
		};
		04E8F1351F847F62002C299A /* PBXTargetDependency */ = {
			isa = PBXTargetDependency;
			target = 04E8F1131F847F62002C299A /* PWR */;
			targetProxy = 04E8F1341F847F62002C299A /* PBXContainerItemProxy */;
		};
/* End PBXTargetDependency section */

/* Begin PBXVariantGroup section */
		04E8F1201F847F62002C299A /* LaunchScreen.storyboard */ = {
			isa = PBXVariantGroup;
			children = (
				04E8F1211F847F62002C299A /* Base */,
			);
			name = LaunchScreen.storyboard;
			sourceTree = "<group>";
		};
/* End PBXVariantGroup section */

/* Begin XCBuildConfiguration section */
		04E8F13A1F847F62002C299A /* Debug */ = {
			isa = XCBuildConfiguration;
			buildSettings = {
				ALWAYS_SEARCH_USER_PATHS = NO;
				CLANG_ANALYZER_NONNULL = YES;
				CLANG_ANALYZER_NUMBER_OBJECT_CONVERSION = YES_AGGRESSIVE;
				CLANG_CXX_LANGUAGE_STANDARD = "gnu++0x";
				CLANG_CXX_LIBRARY = "libc++";
				CLANG_ENABLE_MODULES = YES;
				CLANG_ENABLE_OBJC_ARC = YES;
				CLANG_WARN_BOOL_CONVERSION = YES;
				CLANG_WARN_CONSTANT_CONVERSION = YES;
				CLANG_WARN_DIRECT_OBJC_ISA_USAGE = YES_ERROR;
				CLANG_WARN_DOCUMENTATION_COMMENTS = YES;
				CLANG_WARN_EMPTY_BODY = YES;
				CLANG_WARN_ENUM_CONVERSION = YES;
				CLANG_WARN_INFINITE_RECURSION = YES;
				CLANG_WARN_INT_CONVERSION = YES;
				CLANG_WARN_OBJC_ROOT_CLASS = YES_ERROR;
				CLANG_WARN_SUSPICIOUS_MOVE = YES;
				CLANG_WARN_UNREACHABLE_CODE = YES;
				CLANG_WARN__DUPLICATE_METHOD_MATCH = YES;
				"CODE_SIGN_IDENTITY[sdk=iphoneos*]" = "iPhone Developer";
				COPY_PHASE_STRIP = NO;
				DEBUG_INFORMATION_FORMAT = dwarf;
				ENABLE_STRICT_OBJC_MSGSEND = YES;
				ENABLE_TESTABILITY = YES;
				GCC_C_LANGUAGE_STANDARD = gnu99;
				GCC_DYNAMIC_NO_PIC = NO;
				GCC_NO_COMMON_BLOCKS = YES;
				GCC_OPTIMIZATION_LEVEL = 0;
				GCC_PREPROCESSOR_DEFINITIONS = (
					"DEBUG=1",
					"$(inherited)",
				);
				GCC_WARN_64_TO_32_BIT_CONVERSION = YES;
				GCC_WARN_ABOUT_RETURN_TYPE = YES_ERROR;
				GCC_WARN_UNDECLARED_SELECTOR = YES;
				GCC_WARN_UNINITIALIZED_AUTOS = YES_AGGRESSIVE;
				GCC_WARN_UNUSED_FUNCTION = YES;
				GCC_WARN_UNUSED_VARIABLE = YES;
				IPHONEOS_DEPLOYMENT_TARGET = 10.2;
				MTL_ENABLE_DEBUG_INFO = YES;
				ONLY_ACTIVE_ARCH = YES;
				SDKROOT = iphoneos;
				SWIFT_ACTIVE_COMPILATION_CONDITIONS = DEBUG;
				SWIFT_OPTIMIZATION_LEVEL = "-Onone";
			};
			name = Debug;
		};
		04E8F13B1F847F62002C299A /* Release */ = {
			isa = XCBuildConfiguration;
			buildSettings = {
				ALWAYS_SEARCH_USER_PATHS = NO;
				CLANG_ANALYZER_NONNULL = YES;
				CLANG_ANALYZER_NUMBER_OBJECT_CONVERSION = YES_AGGRESSIVE;
				CLANG_CXX_LANGUAGE_STANDARD = "gnu++0x";
				CLANG_CXX_LIBRARY = "libc++";
				CLANG_ENABLE_MODULES = YES;
				CLANG_ENABLE_OBJC_ARC = YES;
				CLANG_WARN_BOOL_CONVERSION = YES;
				CLANG_WARN_CONSTANT_CONVERSION = YES;
				CLANG_WARN_DIRECT_OBJC_ISA_USAGE = YES_ERROR;
				CLANG_WARN_DOCUMENTATION_COMMENTS = YES;
				CLANG_WARN_EMPTY_BODY = YES;
				CLANG_WARN_ENUM_CONVERSION = YES;
				CLANG_WARN_INFINITE_RECURSION = YES;
				CLANG_WARN_INT_CONVERSION = YES;
				CLANG_WARN_OBJC_ROOT_CLASS = YES_ERROR;
				CLANG_WARN_SUSPICIOUS_MOVE = YES;
				CLANG_WARN_UNREACHABLE_CODE = YES;
				CLANG_WARN__DUPLICATE_METHOD_MATCH = YES;
				"CODE_SIGN_IDENTITY[sdk=iphoneos*]" = "iPhone Developer";
				COPY_PHASE_STRIP = NO;
				DEBUG_INFORMATION_FORMAT = "dwarf-with-dsym";
				ENABLE_NS_ASSERTIONS = NO;
				ENABLE_STRICT_OBJC_MSGSEND = YES;
				GCC_C_LANGUAGE_STANDARD = gnu99;
				GCC_NO_COMMON_BLOCKS = YES;
				GCC_WARN_64_TO_32_BIT_CONVERSION = YES;
				GCC_WARN_ABOUT_RETURN_TYPE = YES_ERROR;
				GCC_WARN_UNDECLARED_SELECTOR = YES;
				GCC_WARN_UNINITIALIZED_AUTOS = YES_AGGRESSIVE;
				GCC_WARN_UNUSED_FUNCTION = YES;
				GCC_WARN_UNUSED_VARIABLE = YES;
				IPHONEOS_DEPLOYMENT_TARGET = 10.2;
				MTL_ENABLE_DEBUG_INFO = NO;
				SDKROOT = iphoneos;
				SWIFT_OPTIMIZATION_LEVEL = "-Owholemodule";
				VALIDATE_PRODUCT = YES;
			};
			name = Release;
		};
		04E8F13D1F847F62002C299A /* Debug */ = {
			isa = XCBuildConfiguration;
			baseConfigurationReference = 7DE5244FF09AA08D77554EF4 /* Pods-PWR.debug.xcconfig */;
			buildSettings = {
				ASSETCATALOG_COMPILER_APPICON_NAME = AppIcon;
				CODE_SIGN_ENTITLEMENTS = PWR/PWR.entitlements;
				DEVELOPMENT_TEAM = V38M9976HU;
				FRAMEWORK_SEARCH_PATHS = (
					"$(inherited)",
					"$(PROJECT_DIR)",
				);
				INFOPLIST_FILE = "$(SRCROOT)/PWR/Supporting Files/Info.plist";
				IPHONEOS_DEPLOYMENT_TARGET = 10.2;
				LD_RUNPATH_SEARCH_PATHS = "$(inherited) @executable_path/Frameworks";
				PRODUCT_BUNDLE_IDENTIFIER = ahspadafora.PWR;
				PRODUCT_NAME = "$(TARGET_NAME)";
				SWIFT_VERSION = 3.0;
			};
			name = Debug;
		};
		04E8F13E1F847F62002C299A /* Release */ = {
			isa = XCBuildConfiguration;
			baseConfigurationReference = 87D26D9790153D5030AB05E2 /* Pods-PWR.release.xcconfig */;
			buildSettings = {
				ASSETCATALOG_COMPILER_APPICON_NAME = AppIcon;
				CODE_SIGN_ENTITLEMENTS = PWR/PWR.entitlements;
				DEVELOPMENT_TEAM = V38M9976HU;
				FRAMEWORK_SEARCH_PATHS = (
					"$(inherited)",
					"$(PROJECT_DIR)",
				);
				INFOPLIST_FILE = "$(SRCROOT)/PWR/Supporting Files/Info.plist";
				IPHONEOS_DEPLOYMENT_TARGET = 10.2;
				LD_RUNPATH_SEARCH_PATHS = "$(inherited) @executable_path/Frameworks";
				PRODUCT_BUNDLE_IDENTIFIER = ahspadafora.PWR;
				PRODUCT_NAME = "$(TARGET_NAME)";
				SWIFT_VERSION = 3.0;
			};
			name = Release;
		};
		04E8F1401F847F62002C299A /* Debug */ = {
			isa = XCBuildConfiguration;
			baseConfigurationReference = DE8743E703AE6F4BBCC7B3D5 /* Pods-PWRTests.debug.xcconfig */;
			buildSettings = {
				ALWAYS_EMBED_SWIFT_STANDARD_LIBRARIES = YES;
				BUNDLE_LOADER = "$(TEST_HOST)";
				DEVELOPMENT_TEAM = V38M9976HU;
				INFOPLIST_FILE = PWRTests/Info.plist;
				LD_RUNPATH_SEARCH_PATHS = "$(inherited) @executable_path/Frameworks @loader_path/Frameworks";
				PRODUCT_BUNDLE_IDENTIFIER = ahspadafora.PWRTests;
				PRODUCT_NAME = "$(TARGET_NAME)";
				SWIFT_VERSION = 3.0;
				TEST_HOST = "$(BUILT_PRODUCTS_DIR)/PWR.app/PWR";
			};
			name = Debug;
		};
		04E8F1411F847F62002C299A /* Release */ = {
			isa = XCBuildConfiguration;
			baseConfigurationReference = EB7CAF7ECEBE2DC55428DD91 /* Pods-PWRTests.release.xcconfig */;
			buildSettings = {
				ALWAYS_EMBED_SWIFT_STANDARD_LIBRARIES = YES;
				BUNDLE_LOADER = "$(TEST_HOST)";
				DEVELOPMENT_TEAM = V38M9976HU;
				INFOPLIST_FILE = PWRTests/Info.plist;
				LD_RUNPATH_SEARCH_PATHS = "$(inherited) @executable_path/Frameworks @loader_path/Frameworks";
				PRODUCT_BUNDLE_IDENTIFIER = ahspadafora.PWRTests;
				PRODUCT_NAME = "$(TARGET_NAME)";
				SWIFT_VERSION = 3.0;
				TEST_HOST = "$(BUILT_PRODUCTS_DIR)/PWR.app/PWR";
			};
			name = Release;
		};
		04E8F1431F847F62002C299A /* Debug */ = {
			isa = XCBuildConfiguration;
			baseConfigurationReference = 4E29ABDC82DF9672B393AB83 /* Pods-PWRUITests.debug.xcconfig */;
			buildSettings = {
				ALWAYS_EMBED_SWIFT_STANDARD_LIBRARIES = YES;
				DEVELOPMENT_TEAM = V38M9976HU;
				INFOPLIST_FILE = PWRUITests/Info.plist;
				LD_RUNPATH_SEARCH_PATHS = "$(inherited) @executable_path/Frameworks @loader_path/Frameworks";
				PRODUCT_BUNDLE_IDENTIFIER = ahspadafora.PWRUITests;
				PRODUCT_NAME = "$(TARGET_NAME)";
				SWIFT_VERSION = 3.0;
				TEST_TARGET_NAME = PWR;
			};
			name = Debug;
		};
		04E8F1441F847F62002C299A /* Release */ = {
			isa = XCBuildConfiguration;
			baseConfigurationReference = 80464C7CD118047D9C742EAF /* Pods-PWRUITests.release.xcconfig */;
			buildSettings = {
				ALWAYS_EMBED_SWIFT_STANDARD_LIBRARIES = YES;
				DEVELOPMENT_TEAM = V38M9976HU;
				INFOPLIST_FILE = PWRUITests/Info.plist;
				LD_RUNPATH_SEARCH_PATHS = "$(inherited) @executable_path/Frameworks @loader_path/Frameworks";
				PRODUCT_BUNDLE_IDENTIFIER = ahspadafora.PWRUITests;
				PRODUCT_NAME = "$(TARGET_NAME)";
				SWIFT_VERSION = 3.0;
				TEST_TARGET_NAME = PWR;
			};
			name = Release;
		};
/* End XCBuildConfiguration section */

/* Begin XCConfigurationList section */
		04E8F10F1F847F61002C299A /* Build configuration list for PBXProject "PWR" */ = {
			isa = XCConfigurationList;
			buildConfigurations = (
				04E8F13A1F847F62002C299A /* Debug */,
				04E8F13B1F847F62002C299A /* Release */,
			);
			defaultConfigurationIsVisible = 0;
			defaultConfigurationName = Release;
		};
		04E8F13C1F847F62002C299A /* Build configuration list for PBXNativeTarget "PWR" */ = {
			isa = XCConfigurationList;
			buildConfigurations = (
				04E8F13D1F847F62002C299A /* Debug */,
				04E8F13E1F847F62002C299A /* Release */,
			);
			defaultConfigurationIsVisible = 0;
			defaultConfigurationName = Release;
		};
		04E8F13F1F847F62002C299A /* Build configuration list for PBXNativeTarget "PWRTests" */ = {
			isa = XCConfigurationList;
			buildConfigurations = (
				04E8F1401F847F62002C299A /* Debug */,
				04E8F1411F847F62002C299A /* Release */,
			);
			defaultConfigurationIsVisible = 0;
			defaultConfigurationName = Release;
		};
		04E8F1421F847F62002C299A /* Build configuration list for PBXNativeTarget "PWRUITests" */ = {
			isa = XCConfigurationList;
			buildConfigurations = (
				04E8F1431F847F62002C299A /* Debug */,
				04E8F1441F847F62002C299A /* Release */,
			);
			defaultConfigurationIsVisible = 0;
			defaultConfigurationName = Release;
		};
/* End XCConfigurationList section */
	};
	rootObject = 04E8F10C1F847F61002C299A /* Project object */;
}
